
Microsoft Visual Studio Solution File, Format Version 12.00

Project("{FAE04EC0-301F-11D3-BF4B-00C04F79EFBC}") = "ES2-SistemaPedidos.Api", "src\ES2-SistemaPedidos.Api\ES2-SistemaPedidos.Api.csproj", "{D88C7D6A-BD93-41DD-AE93-C73E17D90F4F}"
EndProject
Project("{FAE04EC0-301F-11D3-BF4B-00C04F79EFBC}") = "ES2-SistemaPedidos.LambdaConsumerSQS", "src\ES2-SistemaPedidos.LambdaConsumerSQS\ES2-SistemaPedidos.LambdaConsumerSQS.csproj", "{7582EB88-967A-4168-943B-2DE3A112723C}"
EndProject
Project("{FAE04EC0-301F-11D3-BF4B-00C04F79EFBC}") = "ES2-SistemaPedidos.Shared", "src\ES2-SistemaPedidos.Shared\ES2-SistemaPedidos.Shared.csproj", "{494FAA11-CA1D-4AA5-BE59-615C37001CD1}"
EndProject
Project("{2150E333-8FDC-42A3-9474-1A3956D46DE8}") = "app", "app", "{4FF0F63B-3E37-4C52-B2D5-F2387195197C}"
EndProject
Project("{2150E333-8FDC-42A3-9474-1A3956D46DE8}") = "tests", "tests", "{C5809F99-272A-47B2-BAE7-565F92DD45FD}"
EndProject
Project("{2150E333-8FDC-42A3-9474-1A3956D46DE8}") = "unit", "unit", "{F33DA11D-BCD7-4ADB-B53F-E7D4EC4E3D65}"
EndProject
Project("{FAE04EC0-301F-11D3-BF4B-00C04F79EFBC}") = "ES2-SistemaPedidos.Api.UnitTests", "tests\unit\ES2-SistemaPedidos.Api.UnitTests\ES2-SistemaPedidos.Api.UnitTests.csproj", "{2EEFDAD2-CBF4-4210-AFD0-1BBB3268DFFC}"
EndProject
Project("{FAE04EC0-301F-11D3-BF4B-00C04F79EFBC}") = "ES2-SistemaPedidos.LambdaConsumerSQS.UnitTests", "tests\unit\ES2-SistemaPedidos.LambdaConsumerSQS.UnitTests\ES2-SistemaPedidos.LambdaConsumerSQS.UnitTests.csproj", "{D6D926B2-29C2-43D8-ACF8-E0D0E3741F1C}"
EndProject
Project("{2150E333-8FDC-42A3-9474-1A3956D46DE8}") = "e2e", "e2e", "{EB89A152-3240-458B-919C-1A352607DFD2}"
EndProject
Project("{FAE04EC0-301F-11D3-BF4B-00C04F79EFBC}") = "ES2-SistemaPedidos.E2ETests", "tests\e2e\ES2-SistemaPedidos.E2ETests\ES2-SistemaPedidos.E2ETests.csproj", "{5FF4D364-0FB7-419F-9820-1CB46408F494}"
EndProject
Project("{FAE04EC0-301F-11D3-BF4B-00C04F79EFBC}") = "ES2-SistemaPedidos.Shared.UnitTests", "tests\unit\ES2-SistemaPedidos.Shared.UnitTests\ES2-SistemaPedidos.Shared.UnitTests.csproj", "{0A7EEE55-A3A7-4198-889A-AC475A00E5E2}"
EndProject
Project("{FAE04EC0-301F-11D3-BF4B-00C04F79EFBC}") = "ES2-SistemaPedidos.PersistenciaApi", "src\ES2-SistemaPedidos.PersistenciaApi\ES2-SistemaPedidos.PersistenciaApi.csproj", "{B3F5E6E8-781E-4E6D-9C32-4C4E807B9757}"
EndProject
Project("{FAE04EC0-301F-11D3-BF4B-00C04F79EFBC}") = "ES2-SistemaPedidos.PersistenciaApi.UnitTests", "tests\unit\ES2-SistemaPedidos.PersistenciaApi.UnitTests\ES2-SistemaPedidos.PersistenciaApi.UnitTests.csproj", "{BCF3C859-4D83-46CF-AFE3-D6C5208E8C2F}"
EndProject
Global
	GlobalSection(SolutionConfigurationPlatforms) = preSolution
		Debug|Any CPU = Debug|Any CPU
		Release|Any CPU = Release|Any CPU
	EndGlobalSection
	GlobalSection(ProjectConfigurationPlatforms) = postSolution
		{D827888F-7FAC-48B0-BFB3-376B45597BD0}.Debug|Any CPU.ActiveCfg = Debug|Any CPU
		{D827888F-7FAC-48B0-BFB3-376B45597BD0}.Debug|Any CPU.Build.0 = Debug|Any CPU
		{D827888F-7FAC-48B0-BFB3-376B45597BD0}.Release|Any CPU.ActiveCfg = Release|Any CPU
		{D827888F-7FAC-48B0-BFB3-376B45597BD0}.Release|Any CPU.Build.0 = Release|Any CPU
		{D88C7D6A-BD93-41DD-AE93-C73E17D90F4F}.Debug|Any CPU.ActiveCfg = Debug|Any CPU
		{D88C7D6A-BD93-41DD-AE93-C73E17D90F4F}.Debug|Any CPU.Build.0 = Debug|Any CPU
		{D88C7D6A-BD93-41DD-AE93-C73E17D90F4F}.Release|Any CPU.ActiveCfg = Release|Any CPU
		{D88C7D6A-BD93-41DD-AE93-C73E17D90F4F}.Release|Any CPU.Build.0 = Release|Any CPU
		{7582EB88-967A-4168-943B-2DE3A112723C}.Debug|Any CPU.ActiveCfg = Debug|Any CPU
		{7582EB88-967A-4168-943B-2DE3A112723C}.Debug|Any CPU.Build.0 = Debug|Any CPU
		{7582EB88-967A-4168-943B-2DE3A112723C}.Release|Any CPU.ActiveCfg = Release|Any CPU
		{7582EB88-967A-4168-943B-2DE3A112723C}.Release|Any CPU.Build.0 = Release|Any CPU
		{494FAA11-CA1D-4AA5-BE59-615C37001CD1}.Debug|Any CPU.ActiveCfg = Debug|Any CPU
		{494FAA11-CA1D-4AA5-BE59-615C37001CD1}.Debug|Any CPU.Build.0 = Debug|Any CPU
		{494FAA11-CA1D-4AA5-BE59-615C37001CD1}.Release|Any CPU.ActiveCfg = Release|Any CPU
		{494FAA11-CA1D-4AA5-BE59-615C37001CD1}.Release|Any CPU.Build.0 = Release|Any CPU
		{2EEFDAD2-CBF4-4210-AFD0-1BBB3268DFFC}.Debug|Any CPU.ActiveCfg = Debug|Any CPU
		{2EEFDAD2-CBF4-4210-AFD0-1BBB3268DFFC}.Debug|Any CPU.Build.0 = Debug|Any CPU
		{2EEFDAD2-CBF4-4210-AFD0-1BBB3268DFFC}.Release|Any CPU.ActiveCfg = Release|Any CPU
		{2EEFDAD2-CBF4-4210-AFD0-1BBB3268DFFC}.Release|Any CPU.Build.0 = Release|Any CPU
		{D6D926B2-29C2-43D8-ACF8-E0D0E3741F1C}.Debug|Any CPU.ActiveCfg = Debug|Any CPU
		{D6D926B2-29C2-43D8-ACF8-E0D0E3741F1C}.Debug|Any CPU.Build.0 = Debug|Any CPU
		{D6D926B2-29C2-43D8-ACF8-E0D0E3741F1C}.Release|Any CPU.ActiveCfg = Release|Any CPU
		{D6D926B2-29C2-43D8-ACF8-E0D0E3741F1C}.Release|Any CPU.Build.0 = Release|Any CPU
		{5FF4D364-0FB7-419F-9820-1CB46408F494}.Debug|Any CPU.ActiveCfg = Debug|Any CPU
		{5FF4D364-0FB7-419F-9820-1CB46408F494}.Debug|Any CPU.Build.0 = Debug|Any CPU
		{5FF4D364-0FB7-419F-9820-1CB46408F494}.Release|Any CPU.ActiveCfg = Release|Any CPU
		{5FF4D364-0FB7-419F-9820-1CB46408F494}.Release|Any CPU.Build.0 = Release|Any CPU
		{0A7EEE55-A3A7-4198-889A-AC475A00E5E2}.Debug|Any CPU.ActiveCfg = Debug|Any CPU
		{0A7EEE55-A3A7-4198-889A-AC475A00E5E2}.Debug|Any CPU.Build.0 = Debug|Any CPU
		{0A7EEE55-A3A7-4198-889A-AC475A00E5E2}.Release|Any CPU.ActiveCfg = Release|Any CPU
		{0A7EEE55-A3A7-4198-889A-AC475A00E5E2}.Release|Any CPU.Build.0 = Release|Any CPU
		{B3F5E6E8-781E-4E6D-9C32-4C4E807B9757}.Debug|Any CPU.ActiveCfg = Debug|Any CPU
		{B3F5E6E8-781E-4E6D-9C32-4C4E807B9757}.Debug|Any CPU.Build.0 = Debug|Any CPU
		{B3F5E6E8-781E-4E6D-9C32-4C4E807B9757}.Release|Any CPU.ActiveCfg = Release|Any CPU
		{B3F5E6E8-781E-4E6D-9C32-4C4E807B9757}.Release|Any CPU.Build.0 = Release|Any CPU
		{BCF3C859-4D83-46CF-AFE3-D6C5208E8C2F}.Debug|Any CPU.ActiveCfg = Debug|Any CPU
		{BCF3C859-4D83-46CF-AFE3-D6C5208E8C2F}.Debug|Any CPU.Build.0 = Debug|Any CPU
		{BCF3C859-4D83-46CF-AFE3-D6C5208E8C2F}.Release|Any CPU.ActiveCfg = Release|Any CPU
		{BCF3C859-4D83-46CF-AFE3-D6C5208E8C2F}.Release|Any CPU.Build.0 = Release|Any CPU
	EndGlobalSection
	GlobalSection(NestedProjects) = preSolution
		{D88C7D6A-BD93-41DD-AE93-C73E17D90F4F} = {4FF0F63B-3E37-4C52-B2D5-F2387195197C}
		{494FAA11-CA1D-4AA5-BE59-615C37001CD1} = {4FF0F63B-3E37-4C52-B2D5-F2387195197C}
		{7582EB88-967A-4168-943B-2DE3A112723C} = {4FF0F63B-3E37-4C52-B2D5-F2387195197C}
		{F33DA11D-BCD7-4ADB-B53F-E7D4EC4E3D65} = {C5809F99-272A-47B2-BAE7-565F92DD45FD}
		{2EEFDAD2-CBF4-4210-AFD0-1BBB3268DFFC} = {F33DA11D-BCD7-4ADB-B53F-E7D4EC4E3D65}
		{D6D926B2-29C2-43D8-ACF8-E0D0E3741F1C} = {F33DA11D-BCD7-4ADB-B53F-E7D4EC4E3D65}
		{EB89A152-3240-458B-919C-1A352607DFD2} = {C5809F99-272A-47B2-BAE7-565F92DD45FD}
		{5FF4D364-0FB7-419F-9820-1CB46408F494} = {EB89A152-3240-458B-919C-1A352607DFD2}
		{0A7EEE55-A3A7-4198-889A-AC475A00E5E2} = {F33DA11D-BCD7-4ADB-B53F-E7D4EC4E3D65}
		{B3F5E6E8-781E-4E6D-9C32-4C4E807B9757} = {4FF0F63B-3E37-4C52-B2D5-F2387195197C}
		{BCF3C859-4D83-46CF-AFE3-D6C5208E8C2F} = {F33DA11D-BCD7-4ADB-B53F-E7D4EC4E3D65}
	EndGlobalSection
EndGlobal
